[[package]]
name = "attrs"
version = "22.2.0"
description = "Classes Without Boilerplate"
category = "main"
optional = false
python-versions = ">=3.6"

[package.extras]
cov = ["attrs", "coverage-enable-subprocess", "coverage[toml] (>=5.3)"]
dev = ["attrs"]
docs = ["furo", "sphinx", "myst-parser", "zope.interface", "sphinx-notfound-page", "sphinxcontrib-towncrier", "towncrier"]
tests = ["attrs", "zope.interface"]
tests-no-zope = ["hypothesis", "pympler", "pytest (>=4.3.0)", "pytest-xdist", "cloudpickle", "mypy (>=0.971,<0.990)", "pytest-mypy-plugins"]
tests_no_zope = ["hypothesis", "pympler", "pytest (>=4.3.0)", "pytest-xdist", "cloudpickle", "mypy (>=0.971,<0.990)", "pytest-mypy-plugins"]

[[package]]
name = "automat"
version = "22.10.0"
description = "Self-service finite-state machines for the programmer on the go."
category = "main"
optional = false
python-versions = "*"

[package.dependencies]
attrs = ">=19.2.0"
six = "*"

[package.extras]
visualize = ["graphviz (>0.5.1)", "Twisted (>=16.1.1)"]

[[package]]
name = "certifi"
version = "2022.12.7"
description = "Python package for providing Mozilla's CA Bundle."
category = "main"
optional = false
python-versions = ">=3.6"

[[package]]
name = "cffi"
version = "1.15.1"
description = "Foreign Function Interface for Python calling C code."
category = "main"
optional = false
python-versions = "*"

[package.dependencies]
pycparser = "*"

[[package]]
name = "charset-normalizer"
version = "3.1.0"
description = "The Real First Universal Charset Detector. Open, modern and actively maintained alternative to Chardet."
category = "main"
optional = false
python-versions = ">=3.7.0"

[[package]]
name = "constantly"
version = "15.1.0"
description = "Symbolic constants in Python"
category = "main"
optional = false
python-versions = "*"

[[package]]
name = "cryptography"
version = "40.0.1"
description = "cryptography is a package which provides cryptographic recipes and primitives to Python developers."
category = "main"
optional = false
python-versions = ">=3.6"

[package.dependencies]
cffi = ">=1.12"

[package.extras]
docs = ["sphinx (>=5.3.0)", "sphinx-rtd-theme (>=1.1.1)"]
docstest = ["pyenchant (>=1.6.11)", "twine (>=1.12.0)", "sphinxcontrib-spelling (>=4.0.1)"]
pep8test = ["black", "ruff", "mypy", "check-manifest"]
sdist = ["setuptools-rust (>=0.11.4)"]
ssh = ["bcrypt (>=3.1.5)"]
test = ["pytest (>=6.2.0)", "pytest-shard (>=0.1.2)", "pytest-benchmark", "pytest-cov", "pytest-subtests", "pytest-xdist", "pretend", "iso8601"]
test-randomorder = ["pytest-randomly"]
tox = ["tox"]

[[package]]
name = "cssselect"
version = "1.2.0"
description = "cssselect parses CSS3 Selectors and translates them to XPath 1.0"
category = "main"
optional = false
python-versions = ">=3.7"

[[package]]
name = "filelock"
version = "3.11.0"
description = "A platform independent file lock."
category = "main"
optional = false
python-versions = ">=3.7"

[package.extras]
docs = ["furo (>=2023.3.27)", "sphinx-autodoc-typehints (>=1.22,!=1.23.4)", "sphinx (>=6.1.3)"]
testing = ["covdefaults (>=2.3)", "coverage (>=7.2.2)", "diff-cover (>=7.5)", "pytest-cov (>=4)", "pytest-mock (>=3.10)", "pytest-timeout (>=2.1)", "pytest (>=7.2.2)"]

[[package]]
name = "hyperlink"
version = "21.0.0"
description = "A featureful, immutable, and correct URL for Python."
category = "main"
optional = false
python-versions = ">=2.6, !=3.0.*, !=3.1.*, !=3.2.*, !=3.3.*"

[package.dependencies]
idna = ">=2.5"

[[package]]
name = "idna"
version = "3.4"
description = "Internationalized Domain Names in Applications (IDNA)"
category = "main"
optional = false
python-versions = ">=3.5"

[[package]]
name = "incremental"
version = "22.10.0"
description = "\"A small library that versions your Python projects.\""
category = "main"
optional = false
python-versions = "*"

[package.extras]
mypy = ["click (>=6.0)", "twisted (>=16.4.0)", "mypy (==0.812)"]
scripts = ["click (>=6.0)", "twisted (>=16.4.0)"]

[[package]]
name = "itemadapter"
version = "0.8.0"
description = "Common interface for data container classes"
category = "main"
optional = false
python-versions = ">=3.7"

[[package]]
name = "itemloaders"
version = "1.0.6"
description = "Base library for scrapy's ItemLoader"
category = "main"
optional = false
python-versions = ">=3.6"

[package.dependencies]
itemadapter = ">=0.1.0"
jmespath = ">=0.9.5"
parsel = ">=1.5.0"
w3lib = ">=1.17.0"

[[package]]
name = "jmespath"
version = "1.0.1"
description = "JSON Matching Expressions"
category = "main"
optional = false
python-versions = ">=3.7"

[[package]]
name = "lxml"
version = "4.9.2"
description = "Powerful and Pythonic XML processing library combining libxml2/libxslt with the ElementTree API."
category = "main"
optional = false
python-versions = ">=2.7, !=3.0.*, !=3.1.*, !=3.2.*, !=3.3.*, != 3.4.*"

[package.extras]
cssselect = ["cssselect (>=0.7)"]
html5 = ["html5lib"]
htmlsoup = ["beautifulsoup4"]
source = ["Cython (>=0.29.7)"]

[[package]]
name = "packaging"
version = "23.0"
description = "Core utilities for Python packages"
category = "main"
optional = false
python-versions = ">=3.7"

[[package]]
name = "parsel"
version = "1.7.0"
description = "Parsel is a library to extract data from HTML and XML using XPath and CSS selectors"
category = "main"
optional = false
python-versions = ">=3.7"

[package.dependencies]
cssselect = ">=0.9"
lxml = "*"
packaging = "*"
w3lib = ">=1.19.0"

[[package]]
name = "protego"
version = "0.2.1"
description = "Pure-Python robots.txt parser with support for modern conventions"
category = "main"
optional = false
python-versions = ">=2.7, !=3.0.*, !=3.1.*, !=3.2.*, !=3.3.*, !=3.4.*"

[package.dependencies]
six = "*"

[[package]]
name = "pyasn1"
version = "0.4.8"
description = "ASN.1 types and codecs"
category = "main"
optional = false
python-versions = "*"

[[package]]
name = "pyasn1-modules"
version = "0.2.8"
description = "A collection of ASN.1-based protocols modules."
category = "main"
optional = false
python-versions = "*"

[package.dependencies]
pyasn1 = ">=0.4.6,<0.5.0"

[[package]]
name = "pycparser"
version = "2.21"
description = "C parser in Python"
category = "main"
optional = false
python-versions = ">=2.7, !=3.0.*, !=3.1.*, !=3.2.*, !=3.3.*"

[[package]]
name = "pydispatcher"
version = "2.0.7"
description = "Multi-producer multi-consumer in-memory signal dispatch system"
category = "main"
optional = false
python-versions = "*"

[package.extras]
dev = ["tox"]

[[package]]
name = "pyopenssl"
version = "23.1.1"
description = "Python wrapper module around the OpenSSL library"
category = "main"
optional = false
python-versions = ">=3.6"

[package.dependencies]
cryptography = ">=38.0.0,<41"

[package.extras]
docs = ["sphinx (!=5.2.0,!=5.2.0.post0)", "sphinx-rtd-theme"]
test = ["flaky", "pretend", "pytest (>=3.0.1)"]

[[package]]
name = "pypydispatcher"
version = "2.1.2"
description = "Multi-producer-multi-consumer signal dispatching mechanism"
category = "main"
optional = false
python-versions = "*"

[[package]]
name = "queuelib"
version = "1.6.2"
description = "Collection of persistent (disk-based) and non-persistent (memory-based) queues"
category = "main"
optional = false
python-versions = ">=3.5"

[[package]]
name = "requests"
version = "2.28.2"
description = "Python HTTP for Humans."
category = "main"
optional = false
python-versions = ">=3.7, <4"

[package.dependencies]
certifi = ">=2017.4.17"
charset-normalizer = ">=2,<4"
idna = ">=2.5,<4"
urllib3 = ">=1.21.1,<1.27"

[package.extras]
socks = ["PySocks (>=1.5.6,!=1.5.7)"]
use_chardet_on_py3 = ["chardet (>=3.0.2,<6)"]

[[package]]
name = "requests-file"
version = "1.5.1"
description = "File transport adapter for Requests"
category = "main"
optional = false
python-versions = "*"

[package.dependencies]
requests = ">=1.0.0"
six = "*"

[[package]]
name = "scrapy"
version = "2.8.0"
description = "A high-level Web Crawling and Web Scraping framework"
category = "main"
optional = false
python-versions = ">=3.7"

[package.dependencies]
cryptography = ">=3.4.6"
cssselect = ">=0.9.1"
itemadapter = ">=0.1.0"
itemloaders = ">=1.0.1"
lxml = ">=4.3.0"
packaging = "*"
parsel = ">=1.5.0"
protego = ">=0.1.15"
PyDispatcher = {version = ">=2.0.5", markers = "platform_python_implementation == \"CPython\""}
pyOpenSSL = ">=21.0.0"
PyPyDispatcher = {version = ">=2.1.0", markers = "platform_python_implementation == \"PyPy\""}
queuelib = ">=1.4.2"
service-identity = ">=18.1.0"
tldextract = "*"
Twisted = ">=18.9.0"
w3lib = ">=1.17.0"
"zope.interface" = ">=5.1.0"

[[package]]
name = "service-identity"
version = "21.1.0"
description = "Service identity verification for pyOpenSSL & cryptography."
category = "main"
optional = false
python-versions = "*"

[package.dependencies]
attrs = ">=19.1.0"
cryptography = "*"
pyasn1 = "*"
pyasn1-modules = "*"
six = "*"

[package.extras]
dev = ["coverage[toml] (>=5.0.2)", "pytest", "sphinx", "furo", "idna", "pyopenssl"]
docs = ["sphinx", "furo"]
idna = ["idna"]
tests = ["coverage[toml] (>=5.0.2)", "pytest"]

[[package]]
name = "six"
version = "1.16.0"
description = "Python 2 and 3 compatibility utilities"
category = "main"
optional = false
python-versions = ">=2.7, !=3.0.*, !=3.1.*, !=3.2.*"

[[package]]
name = "tldextract"
version = "3.4.0"
description = "Accurately separates a URL's subdomain, domain, and public suffix, using the Public Suffix List (PSL). By default, this includes the public ICANN TLDs and their exceptions. You can optionally support the Public Suffix List's private domains as well."
category = "main"
optional = false
python-versions = ">=3.7"

[package.dependencies]
filelock = ">=3.0.8"
idna = "*"
requests = ">=2.1.0"
requests-file = ">=1.4"

[[package]]
name = "twisted"
version = "22.10.0"
description = "An asynchronous networking framework written in Python"
category = "main"
optional = false
python-versions = ">=3.7.1"

[package.dependencies]
attrs = ">=19.2.0"
Automat = ">=0.8.0"
constantly = ">=15.1"
hyperlink = ">=17.1.1"
incremental = ">=21.3.0"
twisted-iocpsupport = {version = ">=1.0.2,<2", markers = "platform_system == \"Windows\""}
typing-extensions = ">=3.6.5"
"zope.interface" = ">=4.4.2"

[package.extras]
all_non_platform = ["cython-test-exception-raiser (>=1.0.2,<2)", "PyHamcrest (>=1.9.0)", "hypothesis (>=6.0,<7.0)", "pyopenssl (>=21.0.0)", "service-identity (>=18.1.0)", "idna (>=2.4)", "pyasn1", "cryptography (>=2.6)", "appdirs (>=1.4.0)", "bcrypt (>=3.0.0)", "pyserial (>=3.0)", "h2 (>=3.0,<5.0)", "priority (>=1.1.0,<2.0)", "pywin32 (!=226)", "contextvars (>=2.4,<3)"]
conch = ["pyasn1", "cryptography (>=2.6)", "appdirs (>=1.4.0)", "bcrypt (>=3.0.0)"]
conch_nacl = ["pyasn1", "cryptography (>=2.6)", "appdirs (>=1.4.0)", "bcrypt (>=3.0.0)", "pynacl"]
contextvars = ["contextvars (>=2.4,<3)"]
dev = ["towncrier (>=22.8,<23.0)", "pydoctor (>=22.9.0,<22.10.0)", "sphinx-rtd-theme (>=1.0,<2.0)", "readthedocs-sphinx-ext (>=2.1,<3.0)", "sphinx (>=5.0,<6)", "pyflakes (>=2.2,<3.0)", "twistedchecker (>=0.7,<1.0)", "coverage (>=6b1,<7)", "python-subunit (>=1.4,<2.0)"]
dev_release = ["towncrier (>=22.8,<23.0)", "pydoctor (>=22.9.0,<22.10.0)", "sphinx-rtd-theme (>=1.0,<2.0)", "readthedocs-sphinx-ext (>=2.1,<3.0)", "sphinx (>=5.0,<6)"]
gtk_platform = ["pygobject", "cython-test-exception-raiser (>=1.0.2,<2)", "PyHamcrest (>=1.9.0)", "hypothesis (>=6.0,<7.0)", "pyopenssl (>=21.0.0)", "service-identity (>=18.1.0)", "idna (>=2.4)", "pyasn1", "cryptography (>=2.6)", "appdirs (>=1.4.0)", "bcrypt (>=3.0.0)", "pyserial (>=3.0)", "h2 (>=3.0,<5.0)", "priority (>=1.1.0,<2.0)", "pywin32 (!=226)", "contextvars (>=2.4,<3)"]
http2 = ["h2 (>=3.0,<5.0)", "priority (>=1.1.0,<2.0)"]
macos_platform = ["pyobjc-core", "pyobjc-framework-cfnetwork", "pyobjc-framework-cocoa", "cython-test-exception-raiser (>=1.0.2,<2)", "PyHamcrest (>=1.9.0)", "hypothesis (>=6.0,<7.0)", "pyopenssl (>=21.0.0)", "service-identity (>=18.1.0)", "idna (>=2.4)", "pyasn1", "cryptography (>=2.6)", "appdirs (>=1.4.0)", "bcrypt (>=3.0.0)", "pyserial (>=3.0)", "h2 (>=3.0,<5.0)", "priority (>=1.1.0,<2.0)", "pywin32 (!=226)", "contextvars (>=2.4,<3)"]
mypy = ["mypy (==0.930)", "mypy-zope (==0.3.4)", "types-setuptools", "types-pyopenssl", "towncrier (>=22.8,<23.0)", "pydoctor (>=22.9.0,<22.10.0)", "sphinx-rtd-theme (>=1.0,<2.0)", "readthedocs-sphinx-ext (>=2.1,<3.0)", "sphinx (>=5.0,<6)", "pyflakes (>=2.2,<3.0)", "twistedchecker (>=0.7,<1.0)", "coverage (>=6b1,<7)", "cython-test-exception-raiser (>=1.0.2,<2)", "PyHamcrest (>=1.9.0)", "hypothesis (>=6.0,<7.0)", "pyopenssl (>=21.0.0)", "service-identity (>=18.1.0)", "idna (>=2.4)", "pyasn1", "cryptography (>=2.6)", "appdirs (>=1.4.0)", "bcrypt (>=3.0.0)", "pyserial (>=3.0)", "h2 (>=3.0,<5.0)", "priority (>=1.1.0,<2.0)", "pynacl", "pywin32 (!=226)", "python-subunit (>=1.4,<2.0)", "contextvars (>=2.4,<3)"]
osx_platform = ["pyobjc-core", "pyobjc-framework-cfnetwork", "pyobjc-framework-cocoa", "cython-test-exception-raiser (>=1.0.2,<2)", "PyHamcrest (>=1.9.0)", "hypothesis (>=6.0,<7.0)", "pyopenssl (>=21.0.0)", "service-identity (>=18.1.0)", "idna (>=2.4)", "pyasn1", "cryptography (>=2.6)", "appdirs (>=1.4.0)", "bcrypt (>=3.0.0)", "pyserial (>=3.0)", "h2 (>=3.0,<5.0)", "priority (>=1.1.0,<2.0)", "pywin32 (!=226)", "contextvars (>=2.4,<3)"]
serial = ["pyserial (>=3.0)", "pywin32 (!=226)"]
test = ["cython-test-exception-raiser (>=1.0.2,<2)", "PyHamcrest (>=1.9.0)", "hypothesis (>=6.0,<7.0)"]
tls = ["pyopenssl (>=21.0.0)", "service-identity (>=18.1.0)", "idna (>=2.4)"]
windows_platform = ["pywin32 (!=226)", "cython-test-exception-raiser (>=1.0.2,<2)", "PyHamcrest (>=1.9.0)", "hypothesis (>=6.0,<7.0)", "pyopenssl (>=21.0.0)", "service-identity (>=18.1.0)", "idna (>=2.4)", "pyasn1", "cryptography (>=2.6)", "appdirs (>=1.4.0)", "bcrypt (>=3.0.0)", "pyserial (>=3.0)", "h2 (>=3.0,<5.0)", "priority (>=1.1.0,<2.0)", "pywin32 (!=226)", "contextvars (>=2.4,<3)"]

[[package]]
name = "twisted-iocpsupport"
version = "1.0.3"
description = "An extension for use in the twisted I/O Completion Ports reactor."
category = "main"
optional = false
python-versions = "*"

[[package]]
name = "typing-extensions"
version = "4.5.0"
description = "Backported and Experimental Type Hints for Python 3.7+"
category = "main"
optional = false
python-versions = ">=3.7"

[[package]]
name = "urllib3"
version = "1.26.15"
description = "HTTP library with thread-safe connection pooling, file post, and more."
category = "main"
optional = false
python-versions = ">=2.7, !=3.0.*, !=3.1.*, !=3.2.*, !=3.3.*, !=3.4.*, !=3.5.*"

[package.extras]
brotli = ["brotlicffi (>=0.8.0)", "brotli (>=1.0.9)", "brotlipy (>=0.6.0)"]
secure = ["pyOpenSSL (>=0.14)", "cryptography (>=1.3.4)", "idna (>=2.0.0)", "certifi", "urllib3-secure-extra", "ipaddress"]
socks = ["PySocks (>=1.5.6,!=1.5.7,<2.0)"]

[[package]]
name = "w3lib"
version = "2.1.1"
description = "Library of web-related functions"
category = "main"
optional = false
python-versions = ">=3.7"

[[package]]
name = "zope.interface"
version = "6.0"
description = "Interfaces for Python"
category = "main"
optional = false
python-versions = ">=3.7"

[package.extras]
docs = ["sphinx", "repoze.sphinx.autointerface"]
test = ["coverage (>=5.0.3)", "zope.event", "zope.testing"]
testing = ["coverage (>=5.0.3)", "zope.event", "zope.testing"]

[metadata]
lock-version = "1.1"
python-versions = "^3.9"
content-hash = "f318ddc634cb1fce38fe922104ca0edc783d182519ecf2ccf91c1962c5161516"

[metadata.files]
attrs = []
automat = []
certifi = []
cffi = []
charset-normalizer = []
constantly = []
cryptography = []
cssselect = []
filelock = []
hyperlink = []
idna = []
incremental = []
itemadapter = []
itemloaders = []
jmespath = []
lxml = []
packaging = []
parsel = []
protego = []
pyasn1 = []
pyasn1-modules = []
pycparser = []
pydispatcher = []
pyopenssl = []
pypydispatcher = []
queuelib = []
requests = []
requests-file = []
scrapy = []
service-identity = []
six = []
tldextract = []
twisted = []
twisted-iocpsupport = []
typing-extensions = []
urllib3 = []
w3lib = []
"zope.interface" = []
