[[package]]
name = "psycopg2"
version = "2.9.6"
description = "psycopg2 - Python-PostgreSQL Database Adapter"
category = "main"
optional = false
python-versions = ">=3.6"

[metadata]
lock-version = "1.1"
python-versions = "^3.10"
content-hash = "6eb3ddfa7ee77abacc5492c58d143c2ac874765b8dc01c04a672abbc1008c3f4"

[metadata.files]
psycopg2 = []
