[[package]]
name = "dnspython"
version = "2.3.0"
description = "DNS toolkit"
category = "main"
optional = false
python-versions = ">=3.7,<4.0"

[package.extras]
doq = ["aioquic (>=0.9.20)"]
dnssec = ["cryptography (>=2.6,<40.0)"]
curio = ["curio (>=1.2,<2.0)", "sniffio (>=1.1,<2.0)"]
doh = ["h2 (>=4.1.0)", "httpx (>=0.21.1)", "requests (>=2.23.0,<3.0.0)", "requests-toolbelt (>=0.9.1,<0.11.0)"]
idna = ["idna (>=2.1,<4.0)"]
trio = ["trio (>=0.14,<0.23)"]
wmi = ["wmi (>=1.5.1,<2.0.0)"]

[[package]]
name = "pymongo"
version = "4.3.3"
description = "Python driver for MongoDB <http://www.mongodb.org>"
category = "main"
optional = false
python-versions = ">=3.7"

[package.dependencies]
dnspython = ">=1.16.0,<3.0.0"

[package.extras]
aws = ["pymongo-auth-aws (<2.0.0)"]
encryption = ["pymongocrypt (>=1.3.0,<2.0.0)", "pymongo-auth-aws (<2.0.0)"]
gssapi = ["pykerberos"]
ocsp = ["pyopenssl (>=17.2.0)", "requests (<3.0.0)", "service-identity (>=18.1.0)", "certifi"]
snappy = ["python-snappy"]
zstd = ["zstandard"]

[metadata]
lock-version = "1.1"
python-versions = "^3.10"
content-hash = "18911b9f6368152fd9848d9de0a0f0f43e0b5c86b1fbc6367637920064a758aa"

[metadata.files]
dnspython = []
pymongo = []
